{
    "_meta": {
        "hash": {
            "sha256": "3a1e6de46db9db529fbabd20db321bd96f5927d462d4dfcfe70c92a1a41e7fc6"
        },
        "pipfile-spec": 6,
        "requires": {
            "python_version": "3.6"
        },
        "sources": [
            {
                "name": "pypi",
                "url": "https://pypi.org/simple",
                "verify_ssl": true
            }
        ]
    },
    "default": {
        "numpy": {
            "hashes": [
                "sha256:012426a41bc9ab63bb158635aecccc7610e3eff5d31d1eb43bc099debc979d94",
                "sha256:06fab248a088e439402141ea04f0fffb203723148f6ee791e9c75b3e9e82f080",
                "sha256:0eef32ca3132a48e43f6a0f5a82cb508f22ce5a3d6f67a8329c81c8e226d3f6e",
                "sha256:1ded4fce9cfaaf24e7a0ab51b7a87be9038ea1ace7f34b841fe3b6894c721d1c",
                "sha256:2e55195bc1c6b705bfd8ad6f288b38b11b1af32f3c8289d6c50d47f950c12e76",
                "sha256:2ea52bd92ab9f768cc64a4c3ef8f4b2580a17af0a5436f6126b08efbd1838371",
                "sha256:36674959eed6957e61f11c912f71e78857a8d0604171dfd9ce9ad5cbf41c511c",
                "sha256:384ec0463d1c2671170901994aeb6dce126de0a95ccc3976c43b0038a37329c2",
                "sha256:39b70c19ec771805081578cc936bbe95336798b7edf4732ed102e7a43ec5c07a",
                "sha256:400580cbd3cff6ffa6293df2278c75aef2d58d8d93d3c5614cd67981dae68ceb",
                "sha256:43d4c81d5ffdff6bae58d66a3cd7f54a7acd9a0e7b18d97abb255defc09e3140",
                "sha256:50a4a0ad0111cc1b71fa32dedd05fa239f7fb5a43a40663269bb5dc7877cfd28",
                "sha256:603aa0706be710eea8884af807b1b3bc9fb2e49b9f4da439e76000f3b3c6ff0f",
                "sha256:6149a185cece5ee78d1d196938b2a8f9d09f5a5ebfbba66969302a778d5ddd1d",
                "sha256:759e4095edc3c1b3ac031f34d9459fa781777a93ccc633a472a5468587a190ff",
                "sha256:7fb43004bce0ca31d8f13a6eb5e943fa73371381e53f7074ed21a4cb786c32f8",
                "sha256:811daee36a58dc79cf3d8bdd4a490e4277d0e4b7d103a001a4e73ddb48e7e6aa",
                "sha256:8b5e972b43c8fc27d56550b4120fe6257fdc15f9301914380b27f74856299fea",
                "sha256:99abf4f353c3d1a0c7a5f27699482c987cf663b1eac20db59b8c7b061eabd7fc",
                "sha256:a0d53e51a6cb6f0d9082decb7a4cb6dfb33055308c4c44f53103c073f649af73",
                "sha256:a12ff4c8ddfee61f90a1633a4c4afd3f7bcb32b11c52026c92a12e1325922d0d",
                "sha256:a4646724fba402aa7504cd48b4b50e783296b5e10a524c7a6da62e4a8ac9698d",
                "sha256:a76f502430dd98d7546e1ea2250a7360c065a5fdea52b2dffe8ae7180909b6f4",
                "sha256:a9d17f2be3b427fbb2bce61e596cf555d6f8a56c222bd2ca148baeeb5e5c783c",
                "sha256:ab83f24d5c52d60dbc8cd0528759532736b56db58adaa7b5f1f76ad551416a1e",
                "sha256:aeb9ed923be74e659984e321f609b9ba54a48354bfd168d21a2b072ed1e833ea",
                "sha256:c843b3f50d1ab7361ca4f0b3639bf691569493a56808a0b0c54a051d260b7dbd",
                "sha256:cae865b1cae1ec2663d8ea56ef6ff185bad091a5e33ebbadd98de2cfa3fa668f",
                "sha256:cc6bd4fd593cb261332568485e20a0712883cf631f6f5e8e86a52caa8b2b50ff",
                "sha256:cf2402002d3d9f91c8b01e66fbb436a4ed01c6498fffed0e4c7566da1d40ee1e",
                "sha256:d051ec1c64b85ecc69531e1137bb9751c6830772ee5c1c426dbcfe98ef5788d7",
                "sha256:d6631f2e867676b13026e2846180e2c13c1e11289d67da08d71cacb2cd93d4aa",
                "sha256:dbd18bcf4889b720ba13a27ec2f2aac1981bd41203b3a3b27ba7a33f88ae4827",
                "sha256:df609c82f18c5b9f6cb97271f03315ff0dbe481a2a02e56aeb1b1a985ce38e60"
            ],
            "markers": "python_version >= '3.6'",
            "version": "==1.19.5"
        },
        "panda3d": {
            "hashes": [
                "sha256:1836122908f8413f1508db60cd24324fda398b76c2bbe5a6f9d4c1037df32d4e",
                "sha256:198d1f506206e5f4f729fce004b5bb89285f820f7e12e23fc7dc48403637308f",
                "sha256:1aef902557a0c6b7d642978c0b71431d9952be732eb2029d3bd16abdb40003ba",
                "sha256:3e1d0a49d33f28f616f2bf3f175a4e3d8d3c42d4ae6d94afa76c4cc4e98ae20f",
                "sha256:44743979a1068ffd61a68f77543f234c72f956864ca80e82c342bdafdf01309b",
                "sha256:45d9b84beae1cca2b46e035fc2b37772412bae29ca693609e886d567bcb2f85a",
                "sha256:4e91b2bc1a2a20896db137b3227be8c3e02cc6c4d9447155d792e358e16ca0a0",
                "sha256:5b66b5453d152fbbe3cd66c1af48ce2363b718162a571aa9c5b98f1284f93530",
                "sha256:62573c8a27e4f3a39bf23235f8813e1c598baef3da00b7839a0423b5496a3a60",
                "sha256:64be7f0e4addddd24d71ec40d5801f803a08c6ae0b0c66f95a26c3a14e87b0a1",
                "sha256:69379e65ac99f7ea7bedf614021d9e70a8caaf7e6ca11c28f7cae05d2fb87553",
                "sha256:77b18912a3cf31fa3ad28fcf8fb382218de5ca2fd05659d9de4509d47b6614eb",
                "sha256:78d2854e420a80e1acd4086843d6175c124551dbd153bf830f64dcd8d9393466",
                "sha256:7a54cc0c2d41165e7eece9b0faaad4ae55f903ab6ecc984d4998b50fe255de8f",
                "sha256:7d0d00691a5c8578b3477bdc51b423e3a565e84a88ac94ba4fc28ba96dc76842",
                "sha256:7d83350616e700eec22425196b3cb5bf7d51cd5f9d7c8fa468b09228da6e6eed",
                "sha256:82c9aceae7ecd6a80e61b3d02feac09383c926ad287135911fe29f0b228252dd",
                "sha256:887f747ec44881ffee5c044fbe0a1514c760072b7801a4e88924cbbcd15f426c",
                "sha256:8b670aa962fc24b9869aad6508232a3e27dd8e1fc8909389252bf2b78a438a98",
                "sha256:8e7883e49fdd60a999d26be0f7e4568cb447605823352bce970fb3906eef7831",
                "sha256:8f156d9b23008f5c5f4cb34394300a383351b7423344b88298f589cf1c98e166",
                "sha256:9b3e4daf8116fc97cd0aa82df9f8ece334f1ae82130fa4ab3b4fce687f10e282",
                "sha256:9ebeab43644e08540ce320af03d34c2006a14295e0b2bc2f6b45829cb19667d8",
                "sha256:a15dde961e044079d39b7121e4d4432d8c3a41c40c2b13f495d8f2162f1d3b92",
                "sha256:ad43d1aecacd8d34b2d7b682940ef280aec4a290836f395206e24cdcddc27f7d",
                "sha256:b0fb17fa034d7cf0f51b1dacddc57ae11963efaa3e0acf58288944c4c4c35910",
                "sha256:b1a2736375734574c38a3d45fe7863e2dba5f2da2ba8bf5afcec5e1f44474458",
                "sha256:b206678ecea8dc6e5848d25290f04a4b31575fd5de53aaf58fabcf6355081f8b",
                "sha256:b48a75e34c04ef9b478604a3f85b8a18f7313a333e6ed1fc2ae9116a870e4aa4",
                "sha256:bb5b7a6925795a5c53b70eee5a2321e33c34c929d07e1a558d9b69feb7ed5c5a",
                "sha256:c135c5f81392abe987246ce5dcfd1aa26ca18e46e1305e58efa17ff718ce9876",
                "sha256:c2f41c5101990e3619b9da789b8a13356fda0614680548f3a4dd0e8c90915720",
                "sha256:c619a7b120a2e049a60840134f2b9f60c71f2351c46dd065b230425816a76fbe",
                "sha256:cec133d05184ea1b47aed6c62e70c2969cbd7772d805b5c443a68d6d771395d3",
                "sha256:cef80fc63bfaca3fa4e12137a55c4c8e876cfb2fd2ddb0b1810c5566cacbb38c",
                "sha256:d1da5aa8dba1690a84074af147d944dcdf79026d529b98e893b91b17e1f6501a",
                "sha256:d53af88a468f7f6ee848ebb9c43ac9e863f179b4c2f4d326547873d478b0f073",
                "sha256:db7278b91a621230d381febd9a4da60d1a027ce7aeeca9af083c400acef79b6e",
                "sha256:e8b5ef79add21ee35d5fc43903756f94fa3823245a5190d319e471809c9dde38",
                "sha256:eb53dbcb2608f97e1cad4a749acd3f40bc32a3ee16a26bf9305ae3f0f7b08a17",
                "sha256:ec31f54f74b8e36628c78f767664ab0c020c4ba3bb0608fc1431ff0727efcd3d",
                "sha256:eed2a75fcdb2407398fc1ac0f6a544f1ccdfeff20daf884b64ebd1c41bbf384a",
                "sha256:ef90f22a0617e3a9146a690910abcaaeb4716237f74109f9ead34e2ef7742d0a",
                "sha256:fa591215aa3c7e805accf285976fb14fb439c710c9fbf9d2e8c4aff46c595a8d",
                "sha256:fa6cb85706ca40aa2bc955c658f03055ad93ffa33d2fb6967c5f814ccf278ec8",
                "sha256:ff47fb155566e90f31325d1ddf789c78c821a72210dd9b8bf727421e4be65c9c"
            ],
            "index": "pypi",
            "version": "==1.10.9"
        },
        "pillow": {
            "hashes": [
                "sha256:0412516dcc9de9b0a1e0ae25a280015809de8270f134cc2c1e32c4eeb397cf30",
                "sha256:04835e68ef12904bc3e1fd002b33eea0779320d4346082bd5b24bec12ad9c3e9",
                "sha256:06d1adaa284696785375fa80a6a8eb309be722cf4ef8949518beb34487a3df71",
                "sha256:085a90a99404b859a4b6c3daa42afde17cb3ad3115e44a75f0d7b4a32f06a6c9",
                "sha256:0b9911ec70731711c3b6ebcde26caea620cbdd9dcb73c67b0730c8817f24711b",
                "sha256:10e00f7336780ca7d3653cf3ac26f068fa11b5a96894ea29a64d3dc4b810d630",
                "sha256:11c27e74bab423eb3c9232d97553111cc0be81b74b47165f07ebfdd29d825875",
                "sha256:11eb7f98165d56042545c9e6db3ce394ed8b45089a67124298f0473b29cb60b2",
                "sha256:13654b521fb98abdecec105ea3fb5ba863d1548c9b58831dd5105bb3873569f1",
                "sha256:15ccb81a6ffc57ea0137f9f3ac2737ffa1d11f786244d719639df17476d399a7",
                "sha256:18a07a683805d32826c09acfce44a90bf474e6a66ce482b1c7fcd3757d588df3",
                "sha256:19ec4cfe4b961edc249b0e04b5618666c23a83bc35842dea2bfd5dfa0157f81b",
                "sha256:1c3ff00110835bdda2b1e2b07f4a2548a39744bb7de5946dc8e95517c4fb2ca6",
                "sha256:27a330bf7014ee034046db43ccbb05c766aa9e70b8d6c5260bfc38d73103b0ba",
                "sha256:2b11c9d310a3522b0fd3c35667914271f570576a0e387701f370eb39d45f08a4",
                "sha256:2c661542c6f71dfd9dc82d9d29a8386287e82813b0375b3a02983feac69ef864",
                "sha256:2cde7a4d3687f21cffdf5bb171172070bb95e02af448c4c8b2f223d783214056",
                "sha256:2d5e9dc0bf1b5d9048a94c48d0813b6c96fccfa4ccf276d9c36308840f40c228",
                "sha256:2f23b2d3079522fdf3c09de6517f625f7a964f916c956527bed805ac043799b8",
                "sha256:35d27687f027ad25a8d0ef45dd5208ef044c588003cdcedf05afb00dbc5c2deb",
                "sha256:35d409030bf3bd05fa66fb5fdedc39c521b397f61ad04309c90444e893d05f7d",
                "sha256:4326ea1e2722f3dc00ed77c36d3b5354b8fb7399fb59230249ea6d59cbed90da",
                "sha256:4abc247b31a98f29e5224f2d31ef15f86a71f79c7f4d2ac345a5d551d6393073",
                "sha256:4d89a2e9219a526401015153c0e9dd48319ea6ab9fe3b066a20aa9aee23d9fd3",
                "sha256:4e59e99fd680e2b8b11bbd463f3c9450ab799305d5f2bafb74fefba6ac058616",
                "sha256:548794f99ff52a73a156771a0402f5e1c35285bd981046a502d7e4793e8facaa",
                "sha256:56fd98c8294f57636084f4b076b75f86c57b2a63a8410c0cd172bc93695ee979",
                "sha256:59697568a0455764a094585b2551fd76bfd6b959c9f92d4bdec9d0e14616303a",
                "sha256:6bff50ba9891be0a004ef48828e012babaaf7da204d81ab9be37480b9020a82b",
                "sha256:6cb3dd7f23b044b0737317f892d399f9e2f0b3a02b22b2c692851fb8120d82c6",
                "sha256:7dbfbc0020aa1d9bc1b0b8bcf255a7d73f4ad0336f8fd2533fcc54a4ccfb9441",
                "sha256:838eb85de6d9307c19c655c726f8d13b8b646f144ca6b3771fa62b711ebf7624",
                "sha256:8b68f565a4175e12e68ca900af8910e8fe48aaa48fd3ca853494f384e11c8bcd",
                "sha256:8f284dc1695caf71a74f24993b7c7473d77bc760be45f776a2c2f4e04c170550",
                "sha256:963ebdc5365d748185fdb06daf2ac758116deecb2277ec5ae98139f93844bc09",
                "sha256:a048dad5ed6ad1fad338c02c609b862dfaa921fcd065d747194a6805f91f2196",
                "sha256:a1bd983c565f92779be456ece2479840ec39d386007cd4ae83382646293d681b",
                "sha256:a66566f8a22561fc1a88dc87606c69b84fa9ce724f99522cf922c801ec68f5c1",
                "sha256:bcb04ff12e79b28be6c9988f275e7ab69f01cc2ba319fb3114f87817bb7c74b6",
                "sha256:bd24054aaf21e70a51e2a2a5ed1183560d3a69e6f9594a4bfe360a46f94eba83",
                "sha256:be25cb93442c6d2f8702c599b51184bd3ccd83adebd08886b682173e09ef0c3f",
                "sha256:c691b26283c3a31594683217d746f1dad59a7ae1d4cfc24626d7a064a11197d4",
                "sha256:cc9d0dec711c914ed500f1d0d3822868760954dce98dfb0b7382a854aee55d19",
                "sha256:ce2e5e04bb86da6187f96d7bab3f93a7877830981b37f0287dd6479e27a10341",
                "sha256:ce651ca46d0202c302a535d3047c55a0131a720cf554a578fc1b8a2aff0e7d96",
                "sha256:d0c8ebbfd439c37624db98f3877d9ed12c137cadd99dde2d2eae0dab0bbfc355",
                "sha256:d675a876b295afa114ca8bf42d7f86b5fb1298e1b6bb9a24405a3f6c8338811c",
                "sha256:dde3f3ed8d00c72631bc19cbfff8ad3b6215062a5eed402381ad365f82f0c18c",
                "sha256:e5a31c07cea5edbaeb4bdba6f2b87db7d3dc0f446f379d907e51cc70ea375629",
                "sha256:f514c2717012859ccb349c97862568fdc0479aad85b0270d6b5a6509dbc142e2",
                "sha256:fc0db32f7223b094964e71729c0361f93db43664dd1ec86d3df217853cedda87",
                "sha256:fd4fd83aa912d7b89b4b4a1580d30e2a4242f3936882a3f433586e5ab97ed0d5",
                "sha256:feb5db446e96bfecfec078b943cc07744cc759893cef045aa8b8b6d6aaa8274e"
            ],
            "index": "pypi",
            "version": "==8.3.2"
        },
        "pyperclip": {
            "hashes": [
                "sha256:105254a8b04934f0bc84e9c24eb360a591aaf6535c9def5f29d92af107a9bf57"
            ],
            "index": "pypi",
            "version": "==1.8.2"
        },
        "pypubsub": {
            "hashes": [
                "sha256:7f716bae9388afe01ff82b264ba8a96a8ae78b42bb1f114f2716ca8f9e404e2a"
            ],
            "index": "pypi",
            "version": "==4.0.3"
        },
        "six": {
            "hashes": [
                "sha256:1e61c37477a1626458e36f7b1d82aa5c9b094fa4802892072e49de9c60c4c926",
                "sha256:8abb2f1d86890a2dfb989f9a77cfcfd3e47c2a354b01111771326f8aa26e0254"
            ],
            "markers": "python_version >= '2.7' and python_version not in '3.0, 3.1, 3.2, 3.3'",
            "version": "==1.16.0"
        },
        "wxpython": {
            "hashes": [
                "sha256:00e5e3180ac7f2852f342ad341d57c44e7e4326de0b550b9a5c4a8361b6c3528",
                "sha256:07aed697e86904eb6bd63956a3eb792eb54139ddec3ee95f129340973bdcdc54",
                "sha256:15adf25d8353e196e1258c9d3dda353b67c877fb16519b21c6f64d5efbb9798e",
                "sha256:4fde25e97a85b681ee1c76d15b8ee802661d9af4a615d07dc35374b62225d467",
                "sha256:64933480eff036d50754ef46496247510b9f0a17eb24d7a8079188c868c5b978",
                "sha256:84c3d5c7a43e1face86569e0832a526c31ad4a43d0448bef2fec6ce08de0f699",
                "sha256:a3d699d20826eae5130e117dd0a9024ea9f5e6677669f1e2874a68a96a979272",
                "sha256:bbd3e9a6f7bde3b72a7159584a760976f4cbaafba4315c7ea8b29e6c3731fa50",
                "sha256:daf6c3e732954fd56ea50942bd698a6c273c206f424bacd929bf1419148d048f",
                "sha256:db057f9c7144ecdef21ed2da683fd9f2dfd7d897d4158626de49d523dbb82945",
                "sha256:e132144ac4b05092d18ae63c335571f338d8da82be1c126d2d84c70d43cfcf28",
                "sha256:e8170353bc1004574552a5b121251cc859b68d9cf6f09118dd9be48422448304",
                "sha256:f03d00c25db206d294ba99f15714368e02416b67be12bd8714b8268870e3b155"
            ],
            "index": "pypi",
            "version": "==4.1.1"
        },
        "yapsy": {
            "hashes": [
                "sha256:83891e22db0a74445726981df0ef7818dae595454de9cf10b7ba603d45ccd157",
                "sha256:d8113d9f9c74eacf65b4663c9c037d278c9cb273b5eee5f0e1803baeedb23f8b"
            ],
            "index": "pypi",
            "version": "==1.12.2"
        }
    },
    "develop": {}
}
